// !$*UTF8*$!
{
	archiveVersion = 1;
	classes = {
	};
	objectVersion = 77;
	objects = {

/* Begin PBXBuildFile section */
		BB0000000000000000000002 /* ImmichWidgets.appex in Embed App Extensions */ = {isa = PBXBuildFile; fileRef = BB0000000000000000000001 /* ImmichWidgets.appex */; settings = {ATTRIBUTES = (CodeSignOnCopy, RemoveHeadersOnCopy, ); }; };
		CC0000000000000000000002 /* SelfPhotosShareExtension.appex in Embed App Extensions */ = {isa = PBXBuildFile; fileRef = CC0000000000000000000001 /* SelfPhotosShareExtension.appex */; settings = {ATTRIBUTES = (CodeSignOnCopy, RemoveHeadersOnCopy, ); }; };
		EE0000000000000000000002 /* SelfPhotosUploadAction.appex in Embed App Extensions */ = {isa = PBXBuildFile; fileRef = EE0000000000000000000001 /* SelfPhotosUploadAction.appex */; settings = {ATTRIBUTES = (CodeSignOnCopy, RemoveHeadersOnCopy, ); }; };
/* End PBXBuildFile section */

/* Begin PBXContainerItemProxy section */
		AA0000000000000000000011 /* PBXContainerItemProxy */ = {
			isa = PBXContainerItemProxy;
			containerPortal = 242E7F0630206D79000F50F4 /* Project object */;
			proxyType = 1;
			remoteGlobalIDString = 242E7F0D30206D79000F50F4;
			remoteInfo = ImmichApp;
		};
		BB0000000000000000000009 /* PBXContainerItemProxy */ = {
			isa = PBXContainerItemProxy;
			containerPortal = 242E7F0630206D79000F50F4 /* Project object */;
			proxyType = 1;
			remoteGlobalIDString = BB000000000000000000000B;
			remoteInfo = ImmichWidgets;
		};
		CC0000000000000000000009 /* PBXContainerItemProxy */ = {
			isa = PBXContainerItemProxy;
			containerPortal = 242E7F0630206D79000F50F4 /* Project object */;
			proxyType = 1;
			remoteGlobalIDString = CC000000000000000000000B;
			remoteInfo = SelfPhotosShareExtension;
		};
		EE0000000000000000000009 /* PBXContainerItemProxy */ = {
			isa = PBXContainerItemProxy;
			containerPortal = 242E7F0630206D79000F50F4 /* Project object */;
			proxyType = 1;
			remoteGlobalIDString = EE000000000000000000000B;
			remoteInfo = SelfPhotosUploadAction;
		};
/* End PBXContainerItemProxy section */

/* Begin PBXCopyFilesBuildPhase section */
		BB0000000000000000000008 /* Embed App Extensions */ = {
			isa = PBXCopyFilesBuildPhase;
			buildActionMask = 2147483647;
			dstPath = "";
			dstSubfolderSpec = 13;
			files = (
				BB0000000000000000000002 /* ImmichWidgets.appex in Embed App Extensions */,
				CC0000000000000000000002 /* SelfPhotosShareExtension.appex in Embed App Extensions */,
				EE0000000000000000000002 /* SelfPhotosUploadAction.appex in Embed App Extensions */,
			);
			name = "Embed App Extensions";
			runOnlyForDeploymentPostprocessing = 0;
		};
/* End PBXCopyFilesBuildPhase section */

/* Begin PBXFileReference section */
		242E7F0E30206D79000F50F4 /* ImmichApp.app */ = {isa = PBXFileReference; explicitFileType = wrapper.application; includeInIndex = 0; path = ImmichApp.app; sourceTree = BUILT_PRODUCTS_DIR; };
		AA000000000000000000000E /* ImmichAppTests.xctest */ = {isa = PBXFileReference; explicitFileType = wrapper.cfbundle; includeInIndex = 0; path = ImmichAppTests.xctest; sourceTree = BUILT_PRODUCTS_DIR; };
		BB0000000000000000000001 /* ImmichWidgets.appex */ = {isa = PBXFileReference; explicitFileType = "wrapper.app-extension"; includeInIndex = 0; path = ImmichWidgets.appex; sourceTree = BUILT_PRODUCTS_DIR; };
		CC0000000000000000000001 /* SelfPhotosShareExtension.appex */ = {isa = PBXFileReference; explicitFileType = "wrapper.app-extension"; includeInIndex = 0; path = SelfPhotosShareExtension.appex; sourceTree = BUILT_PRODUCTS_DIR; };
		EE0000000000000000000001 /* SelfPhotosUploadAction.appex */ = {isa = PBXFileReference; explicitFileType = "wrapper.app-extension"; includeInIndex = 0; path = SelfPhotosUploadAction.appex; sourceTree = BUILT_PRODUCTS_DIR; };
/* End PBXFileReference section */

/* Begin PBXFileSystemSynchronizedBuildFileExceptionSet section */
		AA0000000000000000000021 /* Exceptions for "ImmichApp" folder in "ImmichApp" target */ = {
			isa = PBXFileSystemSynchronizedBuildFileExceptionSet;
			membershipExceptions = (
				Resources/Info.plist,
			);
			target = 242E7F0D30206D79000F50F4 /* ImmichApp */;
		};
		BB0000000000000000000003 /* Exceptions for "ImmichWidgets" folder in "ImmichWidgets" target */ = {
			isa = PBXFileSystemSynchronizedBuildFileExceptionSet;
			membershipExceptions = (
				Info.plist,
			);
			target = BB000000000000000000000B /* ImmichWidgets */;
		};
		CC0000000000000000000003 /* Exceptions for "SelfPhotosShareExtension" folder in "SelfPhotosShareExtension" target */ = {
			isa = PBXFileSystemSynchronizedBuildFileExceptionSet;
			membershipExceptions = (
				Info.plist,
			);
			target = CC000000000000000000000B /* SelfPhotosShareExtension */;
		};
		EE0000000000000000000003 /* Exceptions for "SelfPhotosUploadAction" folder in "SelfPhotosUploadAction" target */ = {
			isa = PBXFileSystemSynchronizedBuildFileExceptionSet;
			membershipExceptions = (
				Info.plist,
			);
			target = EE000000000000000000000B /* SelfPhotosUploadAction */;
		};
		EE000000000000000000000F /* Exceptions for "SelfPhotosShareExtension" folder in "SelfPhotosUploadAction" target */ = {
			isa = PBXFileSystemSynchronizedBuildFileExceptionSet;
			membershipExceptions = (
				Info.plist,
				InfoPlist.xcstrings,
			);
			target = EE000000000000000000000B /* SelfPhotosUploadAction */;
		};
/* End PBXFileSystemSynchronizedBuildFileExceptionSet section */

/* Begin PBXFileSystemSynchronizedRootGroup section */
		242E7F1030206D79000F50F4 /* ImmichApp */ = {
			isa = PBXFileSystemSynchronizedRootGroup;
			exceptions = (
				AA0000000000000000000021 /* Exceptions for "ImmichApp" folder in "ImmichApp" target */,
			);
			path = ImmichApp;
			sourceTree = "<group>";
		};
		AA0000000000000000000010 /* Tests */ = {
			isa = PBXFileSystemSynchronizedRootGroup;
			path = Tests;
			sourceTree = "<group>";
		};
		BB0000000000000000000004 /* ImmichWidgets */ = {
			isa = PBXFileSystemSynchronizedRootGroup;
			exceptions = (
				BB0000000000000000000003 /* Exceptions for "ImmichWidgets" folder in "ImmichWidgets" target */,
			);
			path = ImmichWidgets;
			sourceTree = "<group>";
		};
		CC0000000000000000000004 /* SelfPhotosShareExtension */ = {
			isa = PBXFileSystemSynchronizedRootGroup;
			exceptions = (
				CC0000000000000000000003 /* Exceptions for "SelfPhotosShareExtension" folder in "SelfPhotosShareExtension" target */,
				EE000000000000000000000F /* Exceptions for "SelfPhotosShareExtension" folder in "SelfPhotosUploadAction" target */,
			);
			path = SelfPhotosShareExtension;
			sourceTree = "<group>";
		};
		DD0000000000000000000004 /* SharedUpload */ = {
			isa = PBXFileSystemSynchronizedRootGroup;
			path = SharedUpload;
			sourceTree = "<group>";
		};
		EE0000000000000000000004 /* SelfPhotosUploadAction */ = {
			isa = PBXFileSystemSynchronizedRootGroup;
			exceptions = (
				EE0000000000000000000003 /* Exceptions for "SelfPhotosUploadAction" folder in "SelfPhotosUploadAction" target */,
			);
			path = SelfPhotosUploadAction;
			sourceTree = "<group>";
		};
/* End PBXFileSystemSynchronizedRootGroup section */

/* Begin PBXFrameworksBuildPhase section */
		242E7F0B30206D79000F50F4 /* Frameworks */ = {
			isa = PBXFrameworksBuildPhase;
			buildActionMask = 2147483647;
			files = (
			);
			runOnlyForDeploymentPostprocessing = 0;
		};
		AA000000000000000000000B /* Frameworks */ = {
			isa = PBXFrameworksBuildPhase;
			buildActionMask = 2147483647;
			files = (
			);
			runOnlyForDeploymentPostprocessing = 0;
		};
		BB0000000000000000000005 /* Frameworks */ = {
			isa = PBXFrameworksBuildPhase;
			buildActionMask = 2147483647;
			files = (
			);
			runOnlyForDeploymentPostprocessing = 0;
		};
		CC0000000000000000000005 /* Frameworks */ = {
			isa = PBXFrameworksBuildPhase;
			buildActionMask = 2147483647;
			files = (
			);
			runOnlyForDeploymentPostprocessing = 0;
		};
		EE0000000000000000000005 /* Frameworks */ = {
			isa = PBXFrameworksBuildPhase;
			buildActionMask = 2147483647;
			files = (
			);
			runOnlyForDeploymentPostprocessing = 0;
		};
/* End PBXFrameworksBuildPhase section */

/* Begin PBXGroup section */
		242E7F0530206D79000F50F4 = {
			isa = PBXGroup;
			children = (
				242E7F1030206D79000F50F4 /* ImmichApp */,
				BB0000000000000000000004 /* ImmichWidgets */,
				CC0000000000000000000004 /* SelfPhotosShareExtension */,
				EE0000000000000000000004 /* SelfPhotosUploadAction */,
				DD0000000000000000000004 /* SharedUpload */,
				AA0000000000000000000010 /* Tests */,
				242E7F0F30206D79000F50F4 /* Products */,
			);
			sourceTree = "<group>";
		};
		242E7F0F30206D79000F50F4 /* Products */ = {
			isa = PBXGroup;
			children = (
				242E7F0E30206D79000F50F4 /* ImmichApp.app */,
				BB0000000000000000000001 /* ImmichWidgets.appex */,
				CC0000000000000000000001 /* SelfPhotosShareExtension.appex */,
				EE0000000000000000000001 /* SelfPhotosUploadAction.appex */,
				AA000000000000000000000E /* ImmichAppTests.xctest */,
			);
			name = Products;
			sourceTree = "<group>";
		};
/* End PBXGroup section */

/* Begin PBXNativeTarget section */
		242E7F0D30206D79000F50F4 /* ImmichApp */ = {
			isa = PBXNativeTarget;
			buildConfigurationList = 242E7F1930206D7B000F50F4 /* Build configuration list for PBXNativeTarget "ImmichApp" */;
			buildPhases = (
				242E7F0A30206D79000F50F4 /* Sources */,
				242E7F0B30206D79000F50F4 /* Frameworks */,
				242E7F0C30206D79000F50F4 /* Resources */,
				BB0000000000000000000008 /* Embed App Extensions */,
			);
			buildRules = (
			);
			dependencies = (
				BB000000000000000000000A /* PBXTargetDependency */,
				CC000000000000000000000A /* PBXTargetDependency */,
				EE000000000000000000000A /* PBXTargetDependency */,
			);
			fileSystemSynchronizedGroups = (
				242E7F1030206D79000F50F4 /* ImmichApp */,
				DD0000000000000000000004 /* SharedUpload */,
			);
			name = ImmichApp;
			packageProductDependencies = (
			);
			productName = ImmichApp;
			productReference = 242E7F0E30206D79000F50F4 /* ImmichApp.app */;
			productType = "com.apple.product-type.application";
		};
		AA000000000000000000000D /* ImmichAppTests */ = {
			isa = PBXNativeTarget;
			buildConfigurationList = AA0000000000000000000019 /* Build configuration list for PBXNativeTarget "ImmichAppTests" */;
			buildPhases = (
				AA000000000000000000000A /* Sources */,
				AA000000000000000000000B /* Frameworks */,
				AA0000000000000000000020 /* Resources */,
			);
			buildRules = (
			);
			dependencies = (
				AA0000000000000000000012 /* PBXTargetDependency */,
			);
			fileSystemSynchronizedGroups = (
				AA0000000000000000000010 /* Tests */,
			);
			name = ImmichAppTests;
			packageProductDependencies = (
			);
			productName = ImmichAppTests;
			productReference = AA000000000000000000000E /* ImmichAppTests.xctest */;
			productType = "com.apple.product-type.bundle.unit-test";
		};
		BB000000000000000000000B /* ImmichWidgets */ = {
			isa = PBXNativeTarget;
			buildConfigurationList = BB000000000000000000000C /* Build configuration list for PBXNativeTarget "ImmichWidgets" */;
			buildPhases = (
				BB0000000000000000000007 /* Sources */,
				BB0000000000000000000005 /* Frameworks */,
				BB0000000000000000000006 /* Resources */,
			);
			buildRules = (
			);
			dependencies = (
			);
			fileSystemSynchronizedGroups = (
				BB0000000000000000000004 /* ImmichWidgets */,
			);
			name = ImmichWidgets;
			packageProductDependencies = (
			);
			productName = ImmichWidgets;
			productReference = BB0000000000000000000001 /* ImmichWidgets.appex */;
			productType = "com.apple.product-type.app-extension";
		};
		CC000000000000000000000B /* SelfPhotosShareExtension */ = {
			isa = PBXNativeTarget;
			buildConfigurationList = CC000000000000000000000C /* Build configuration list for PBXNativeTarget "SelfPhotosShareExtension" */;
			buildPhases = (
				CC0000000000000000000007 /* Sources */,
				CC0000000000000000000005 /* Frameworks */,
				CC0000000000000000000006 /* Resources */,
			);
			buildRules = (
			);
			dependencies = (
			);
			fileSystemSynchronizedGroups = (
				CC0000000000000000000004 /* SelfPhotosShareExtension */,
				DD0000000000000000000004 /* SharedUpload */,
			);
			name = SelfPhotosShareExtension;
			packageProductDependencies = (
			);
			productName = SelfPhotosShareExtension;
			productReference = CC0000000000000000000001 /* SelfPhotosShareExtension.appex */;
			productType = "com.apple.product-type.app-extension";
		};
		EE000000000000000000000B /* SelfPhotosUploadAction */ = {
			isa = PBXNativeTarget;
			buildConfigurationList = EE000000000000000000000C /* Build configuration list for PBXNativeTarget "SelfPhotosUploadAction" */;
			buildPhases = (
				EE0000000000000000000007 /* Sources */,
				EE0000000000000000000005 /* Frameworks */,
				EE0000000000000000000006 /* Resources */,
			);
			buildRules = (
			);
			dependencies = (
			);
			fileSystemSynchronizedGroups = (
				CC0000000000000000000004 /* SelfPhotosShareExtension */,
				DD0000000000000000000004 /* SharedUpload */,
				EE0000000000000000000004 /* SelfPhotosUploadAction */,
			);
			name = SelfPhotosUploadAction;
			packageProductDependencies = (
			);
			productName = SelfPhotosUploadAction;
			productReference = EE0000000000000000000001 /* SelfPhotosUploadAction.appex */;
			productType = "com.apple.product-type.app-extension";
		};
/* End PBXNativeTarget section */

/* Begin PBXProject section */
		242E7F0630206D79000F50F4 /* Project object */ = {
			isa = PBXProject;
			attributes = {
				BuildIndependentTargetsInParallel = 1;
				LastSwiftUpdateCheck = 2620;
				LastUpgradeCheck = 2620;
				TargetAttributes = {
					242E7F0D30206D79000F50F4 = {
						CreatedOnToolsVersion = 26.2;
						SystemCapabilities = {
							com.apple.ApplicationGroups.iOS = {
								enabled = 1;
							};
							com.apple.Keychain = {
								enabled = 1;
							};
						};
					};
					AA000000000000000000000D = {
						CreatedOnToolsVersion = 26.2;
						TestTargetID = 242E7F0D30206D79000F50F4;
					};
					BB000000000000000000000B = {
						CreatedOnToolsVersion = 26.2;
						SystemCapabilities = {
							com.apple.ApplicationGroups.iOS = {
								enabled = 1;
							};
						};
					};
					CC000000000000000000000B = {
						CreatedOnToolsVersion = 26.2;
						SystemCapabilities = {
							com.apple.ApplicationGroups.iOS = {
								enabled = 1;
							};
							com.apple.Keychain = {
								enabled = 1;
							};
						};
					};
					EE000000000000000000000B = {
						CreatedOnToolsVersion = 26.2;
						SystemCapabilities = {
							com.apple.ApplicationGroups.iOS = {
								enabled = 1;
							};
							com.apple.Keychain = {
								enabled = 1;
							};
						};
					};
				};
			};
			buildConfigurationList = 242E7F0930206D79000F50F4 /* Build configuration list for PBXProject "ImmichApp" */;
			developmentRegion = en;
			hasScannedForEncodings = 0;
			knownRegions = (
				en,
				ar,
				bn,
				bg,
				ca,
				hr,
				cs,
				da,
				nl,
				fi,
				fr,
				de,
				el,
				he,
				hi,
				hu,
				id,
				it,
				ja,
				kk,
				ko,
				lt,
				ms,
				nb,
				fa,
				pl,
				pt,
				ro,
				ru,
				"zh-Hans",
				sk,
				sl,
				es,
				sv,
				th,
				"zh-Hant",
				tr,
				uk,
				vi,
				Base,
			);
			mainGroup = 242E7F0530206D79000F50F4;
			minimizedProjectReferenceProxies = 1;
			preferredProjectObjectVersion = 77;
			productRefGroup = 242E7F0F30206D79000F50F4 /* Products */;
			projectDirPath = "";
			projectRoot = "";
			targets = (
				242E7F0D30206D79000F50F4 /* ImmichApp */,
				BB000000000000000000000B /* ImmichWidgets */,
				CC000000000000000000000B /* SelfPhotosShareExtension */,
				EE000000000000000000000B /* SelfPhotosUploadAction */,
				AA000000000000000000000D /* ImmichAppTests */,
			);
		};
/* End PBXProject section */

/* Begin PBXResourcesBuildPhase section */
		242E7F0C30206D79000F50F4 /* Resources */ = {
			isa = PBXResourcesBuildPhase;
			buildActionMask = 2147483647;
			files = (
			);
			runOnlyForDeploymentPostprocessing = 0;
		};
		AA0000000000000000000020 /* Resources */ = {
			isa = PBXResourcesBuildPhase;
			buildActionMask = 2147483647;
			files = (
			);
			runOnlyForDeploymentPostprocessing = 0;
		};
		BB0000000000000000000006 /* Resources */ = {
			isa = PBXResourcesBuildPhase;
			buildActionMask = 2147483647;
			files = (
			);
			runOnlyForDeploymentPostprocessing = 0;
		};
		CC0000000000000000000006 /* Resources */ = {
			isa = PBXResourcesBuildPhase;
			buildActionMask = 2147483647;
			files = (
			);
			runOnlyForDeploymentPostprocessing = 0;
		};
		EE0000000000000000000006 /* Resources */ = {
			isa = PBXResourcesBuildPhase;
			buildActionMask = 2147483647;
			files = (
			);
			runOnlyForDeploymentPostprocessing = 0;
		};
/* End PBXResourcesBuildPhase section */

/* Begin PBXSourcesBuildPhase section */
		242E7F0A30206D79000F50F4 /* Sources */ = {
			isa = PBXSourcesBuildPhase;
			buildActionMask = 2147483647;
			files = (
			);
			runOnlyForDeploymentPostprocessing = 0;
		};
		AA000000000000000000000A /* Sources */ = {
			isa = PBXSourcesBuildPhase;
			buildActionMask = 2147483647;
			files = (
			);
			runOnlyForDeploymentPostprocessing = 0;
		};
		BB0000000000000000000007 /* Sources */ = {
			isa = PBXSourcesBuildPhase;
			buildActionMask = 2147483647;
			files = (
			);
			runOnlyForDeploymentPostprocessing = 0;
		};
		CC0000000000000000000007 /* Sources */ = {
			isa = PBXSourcesBuildPhase;
			buildActionMask = 2147483647;
			files = (
			);
			runOnlyForDeploymentPostprocessing = 0;
		};
		EE0000000000000000000007 /* Sources */ = {
			isa = PBXSourcesBuildPhase;
			buildActionMask = 2147483647;
			files = (
			);
			runOnlyForDeploymentPostprocessing = 0;
		};
/* End PBXSourcesBuildPhase section */

/* Begin PBXTargetDependency section */
		AA0000000000000000000012 /* PBXTargetDependency */ = {
			isa = PBXTargetDependency;
			target = 242E7F0D30206D79000F50F4 /* ImmichApp */;
			targetProxy = AA0000000000000000000011 /* PBXContainerItemProxy */;
		};
		BB000000000000000000000A /* PBXTargetDependency */ = {
			isa = PBXTargetDependency;
			target = BB000000000000000000000B /* ImmichWidgets */;
			targetProxy = BB0000000000000000000009 /* PBXContainerItemProxy */;
		};
		CC000000000000000000000A /* PBXTargetDependency */ = {
			isa = PBXTargetDependency;
			target = CC000000000000000000000B /* SelfPhotosShareExtension */;
			targetProxy = CC0000000000000000000009 /* PBXContainerItemProxy */;
		};
		EE000000000000000000000A /* PBXTargetDependency */ = {
			isa = PBXTargetDependency;
			target = EE000000000000000000000B /* SelfPhotosUploadAction */;
			targetProxy = EE0000000000000000000009 /* PBXContainerItemProxy */;
		};
/* End PBXTargetDependency section */

/* Begin XCBuildConfiguration section */
		242E7F1730206D7B000F50F4 /* Debug */ = {
			isa = XCBuildConfiguration;
			buildSettings = {
				ALWAYS_SEARCH_USER_PATHS = NO;
				ASSETCATALOG_COMPILER_GENERATE_SWIFT_ASSET_SYMBOL_EXTENSIONS = YES;
				CLANG_ANALYZER_NONNULL = YES;
				CLANG_ANALYZER_NUMBER_OBJECT_CONVERSION = YES_AGGRESSIVE;
				CLANG_CXX_LANGUAGE_STANDARD = "gnu++20";
				CLANG_ENABLE_MODULES = YES;
				CLANG_ENABLE_OBJC_ARC = YES;
				CLANG_ENABLE_OBJC_WEAK = YES;
				CLANG_WARN_BLOCK_CAPTURE_AUTORELEASING = YES;
				CLANG_WARN_BOOL_CONVERSION = YES;
				CLANG_WARN_COMMA = YES;
				CLANG_WARN_CONSTANT_CONVERSION = YES;
				CLANG_WARN_DEPRECATED_OBJC_IMPLEMENTATIONS = YES;
				CLANG_WARN_DIRECT_OBJC_ISA_USAGE = YES_ERROR;
				CLANG_WARN_DOCUMENTATION_COMMENTS = YES;
				CLANG_WARN_EMPTY_BODY = YES;
				CLANG_WARN_ENUM_CONVERSION = YES;
				CLANG_WARN_INFINITE_RECURSION = YES;
				CLANG_WARN_INT_CONVERSION = YES;
				CLANG_WARN_NON_LITERAL_NULL_CONVERSION = YES;
				CLANG_WARN_OBJC_IMPLICIT_RETAIN_SELF = YES;
				CLANG_WARN_OBJC_LITERAL_CONVERSION = YES;
				CLANG_WARN_OBJC_ROOT_CLASS = YES_ERROR;
				CLANG_WARN_QUOTED_INCLUDE_IN_FRAMEWORK_HEADER = YES;
				CLANG_WARN_RANGE_LOOP_ANALYSIS = YES;
				CLANG_WARN_STRICT_PROTOTYPES = YES;
				CLANG_WARN_SUSPICIOUS_MOVE = YES;
				CLANG_WARN_UNGUARDED_AVAILABILITY = YES_AGGRESSIVE;
				CLANG_WARN_UNREACHABLE_CODE = YES;
				CLANG_WARN__DUPLICATE_METHOD_MATCH = YES;
				COPY_PHASE_STRIP = NO;
				DEBUG_INFORMATION_FORMAT = dwarf;
				DEVELOPMENT_TEAM = 5KQGTJX2K7;
				ENABLE_STRICT_OBJC_MSGSEND = YES;
				ENABLE_TESTABILITY = YES;
				ENABLE_USER_SCRIPT_SANDBOXING = YES;
				GCC_C_LANGUAGE_STANDARD = gnu17;
				GCC_DYNAMIC_NO_PIC = NO;
				GCC_NO_COMMON_BLOCKS = YES;
				GCC_OPTIMIZATION_LEVEL = 0;
				GCC_PREPROCESSOR_DEFINITIONS = (
					"DEBUG=1",
					"$(inherited)",
				);
				GCC_WARN_64_TO_32_BIT_CONVERSION = YES;
				GCC_WARN_ABOUT_RETURN_TYPE = YES_ERROR;
				GCC_WARN_UNDECLARED_SELECTOR = YES;
				GCC_WARN_UNINITIALIZED_AUTOS = YES_AGGRESSIVE;
				GCC_WARN_UNUSED_FUNCTION = YES;
				GCC_WARN_UNUSED_VARIABLE = YES;
				IPHONEOS_DEPLOYMENT_TARGET = 26.2;
				LOCALIZATION_PREFERS_STRING_CATALOGS = YES;
				MTL_ENABLE_DEBUG_INFO = INCLUDE_SOURCE;
				MTL_FAST_MATH = YES;
				ONLY_ACTIVE_ARCH = YES;
				SDKROOT = iphoneos;
				SWIFT_ACTIVE_COMPILATION_CONDITIONS = "DEBUG $(inherited)";
				SWIFT_OPTIMIZATION_LEVEL = "-Onone";
			};
			name = Debug;
		};
		242E7F1830206D7B000F50F4 /* Release */ = {
			isa = XCBuildConfiguration;
			buildSettings = {
				ALWAYS_SEARCH_USER_PATHS = NO;
				ASSETCATALOG_COMPILER_GENERATE_SWIFT_ASSET_SYMBOL_EXTENSIONS = YES;
				CLANG_ANALYZER_NONNULL = YES;
				CLANG_ANALYZER_NUMBER_OBJECT_CONVERSION = YES_AGGRESSIVE;
				CLANG_CXX_LANGUAGE_STANDARD = "gnu++20";
				CLANG_ENABLE_MODULES = YES;
				CLANG_ENABLE_OBJC_ARC = YES;
				CLANG_ENABLE_OBJC_WEAK = YES;
				CLANG_WARN_BLOCK_CAPTURE_AUTORELEASING = YES;
				CLANG_WARN_BOOL_CONVERSION = YES;
				CLANG_WARN_COMMA = YES;
				CLANG_WARN_CONSTANT_CONVERSION = YES;
				CLANG_WARN_DEPRECATED_OBJC_IMPLEMENTATIONS = YES;
				CLANG_WARN_DIRECT_OBJC_ISA_USAGE = YES_ERROR;
				CLANG_WARN_DOCUMENTATION_COMMENTS = YES;
				CLANG_WARN_EMPTY_BODY = YES;
				CLANG_WARN_ENUM_CONVERSION = YES;
				CLANG_WARN_INFINITE_RECURSION = YES;
				CLANG_WARN_INT_CONVERSION = YES;
				CLANG_WARN_NON_LITERAL_NULL_CONVERSION = YES;
				CLANG_WARN_OBJC_IMPLICIT_RETAIN_SELF = YES;
				CLANG_WARN_OBJC_LITERAL_CONVERSION = YES;
				CLANG_WARN_OBJC_ROOT_CLASS = YES_ERROR;
				CLANG_WARN_QUOTED_INCLUDE_IN_FRAMEWORK_HEADER = YES;
				CLANG_WARN_RANGE_LOOP_ANALYSIS = YES;
				CLANG_WARN_STRICT_PROTOTYPES = YES;
				CLANG_WARN_SUSPICIOUS_MOVE = YES;
				CLANG_WARN_UNGUARDED_AVAILABILITY = YES_AGGRESSIVE;
				CLANG_WARN_UNREACHABLE_CODE = YES;
				CLANG_WARN__DUPLICATE_METHOD_MATCH = YES;
				COPY_PHASE_STRIP = NO;
				DEBUG_INFORMATION_FORMAT = "dwarf-with-dsym";
				DEVELOPMENT_TEAM = 5KQGTJX2K7;
				ENABLE_NS_ASSERTIONS = NO;
				ENABLE_STRICT_OBJC_MSGSEND = YES;
				ENABLE_USER_SCRIPT_SANDBOXING = YES;
				GCC_C_LANGUAGE_STANDARD = gnu17;
				GCC_NO_COMMON_BLOCKS = YES;
				GCC_WARN_64_TO_32_BIT_CONVERSION = YES;
				GCC_WARN_ABOUT_RETURN_TYPE = YES_ERROR;
				GCC_WARN_UNDECLARED_SELECTOR = YES;
				GCC_WARN_UNINITIALIZED_AUTOS = YES_AGGRESSIVE;
				GCC_WARN_UNUSED_FUNCTION = YES;
				GCC_WARN_UNUSED_VARIABLE = YES;
				IPHONEOS_DEPLOYMENT_TARGET = 26.2;
				LOCALIZATION_PREFERS_STRING_CATALOGS = YES;
				MTL_ENABLE_DEBUG_INFO = NO;
				MTL_FAST_MATH = YES;
				SDKROOT = iphoneos;
				SWIFT_COMPILATION_MODE = wholemodule;
				VALIDATE_PRODUCT = YES;
			};
			name = Release;
		};
		242E7F1A30206D7B000F50F4 /* Debug */ = {
			isa = XCBuildConfiguration;
			buildSettings = {
				ASSETCATALOG_COMPILER_APPICON_NAME = SelfPhotosIcon;
				ASSETCATALOG_COMPILER_GLOBAL_ACCENT_COLOR_NAME = AccentColor;
				ASSETCATALOG_COMPILER_INCLUDE_ALL_APPICON_ASSETS = NO;
				CODE_SIGN_ENTITLEMENTS = ImmichApp/ImmichApp.entitlements;
				CODE_SIGN_STYLE = Automatic;
				CURRENT_PROJECT_VERSION = 5;
				DEVELOPMENT_TEAM = 5KQGTJX2K7;
				ENABLE_PREVIEWS = YES;
				GENERATE_INFOPLIST_FILE = YES;
				INFOPLIST_FILE = ImmichApp/Resources/Info.plist;
				INFOPLIST_KEY_CFBundleDisplayName = SelfPhotos;
				INFOPLIST_KEY_LSApplicationCategoryType = "public.app-category.photography";
				INFOPLIST_KEY_NSPhotoLibraryUsageDescription = "SelfPhotos shows the photos on this device alongside the ones on your Immich server, so you can see what is not backed up yet and upload it.";
				INFOPLIST_KEY_UIApplicationSceneManifest_Generation = YES;
				INFOPLIST_KEY_UIApplicationSupportsIndirectInputEvents = YES;
				INFOPLIST_KEY_UIBackgroundModes = "fetch processing";
				INFOPLIST_KEY_UILaunchScreen_Generation = YES;
				INFOPLIST_KEY_UISupportedInterfaceOrientations_iPad = "UIInterfaceOrientationPortrait UIInterfaceOrientationPortraitUpsideDown UIInterfaceOrientationLandscapeLeft UIInterfaceOrientationLandscapeRight";
				INFOPLIST_KEY_UISupportedInterfaceOrientations_iPhone = "UIInterfaceOrientationPortrait UIInterfaceOrientationLandscapeLeft UIInterfaceOrientationLandscapeRight";
				IPHONEOS_DEPLOYMENT_TARGET = 26;
				LD_RUNPATH_SEARCH_PATHS = (
					"$(inherited)",
					"@executable_path/Frameworks",
				);
				MARKETING_VERSION = 1.0.1;
				PRODUCT_BUNDLE_IDENTIFIER = xyz.0xmwehehe.ImmichApp;
				PRODUCT_NAME = "$(TARGET_NAME)";
				STRING_CATALOG_GENERATE_SYMBOLS = YES;
				SWIFT_APPROACHABLE_CONCURRENCY = YES;
				SWIFT_DEFAULT_ACTOR_ISOLATION = nonisolated;
				SWIFT_EMIT_LOC_STRINGS = YES;
				SWIFT_UPCOMING_FEATURE_MEMBER_IMPORT_VISIBILITY = YES;
				SWIFT_VERSION = 5.0;
				TARGETED_DEVICE_FAMILY = "1,2";
			};
			name = Debug;
		};
		242E7F1B30206D7B000F50F4 /* Release */ = {
			isa = XCBuildConfiguration;
			buildSettings = {
				ASSETCATALOG_COMPILER_APPICON_NAME = SelfPhotosIcon;
				ASSETCATALOG_COMPILER_GLOBAL_ACCENT_COLOR_NAME = AccentColor;
				ASSETCATALOG_COMPILER_INCLUDE_ALL_APPICON_ASSETS = NO;
				CODE_SIGN_ENTITLEMENTS = ImmichApp/ImmichApp.entitlements;
				CODE_SIGN_STYLE = Automatic;
				CURRENT_PROJECT_VERSION = 5;
				DEVELOPMENT_TEAM = 5KQGTJX2K7;
				ENABLE_PREVIEWS = YES;
				GENERATE_INFOPLIST_FILE = YES;
				INFOPLIST_FILE = ImmichApp/Resources/Info.plist;
				INFOPLIST_KEY_CFBundleDisplayName = SelfPhotos;
				INFOPLIST_KEY_LSApplicationCategoryType = "public.app-category.photography";
				INFOPLIST_KEY_NSPhotoLibraryUsageDescription = "SelfPhotos shows the photos on this device alongside the ones on your Immich server, so you can see what is not backed up yet and upload it.";
				INFOPLIST_KEY_UIApplicationSceneManifest_Generation = YES;
				INFOPLIST_KEY_UIApplicationSupportsIndirectInputEvents = YES;
				INFOPLIST_KEY_UIBackgroundModes = "fetch processing";
				INFOPLIST_KEY_UILaunchScreen_Generation = YES;
				INFOPLIST_KEY_UISupportedInterfaceOrientations_iPad = "UIInterfaceOrientationPortrait UIInterfaceOrientationPortraitUpsideDown UIInterfaceOrientationLandscapeLeft UIInterfaceOrientationLandscapeRight";
				INFOPLIST_KEY_UISupportedInterfaceOrientations_iPhone = "UIInterfaceOrientationPortrait UIInterfaceOrientationLandscapeLeft UIInterfaceOrientationLandscapeRight";
				IPHONEOS_DEPLOYMENT_TARGET = 26;
				LD_RUNPATH_SEARCH_PATHS = (
					"$(inherited)",
					"@executable_path/Frameworks",
				);
				MARKETING_VERSION = 1.0.1;
				PRODUCT_BUNDLE_IDENTIFIER = xyz.0xmwehehe.ImmichApp;
				PRODUCT_NAME = "$(TARGET_NAME)";
				STRING_CATALOG_GENERATE_SYMBOLS = YES;
				SWIFT_APPROACHABLE_CONCURRENCY = YES;
				SWIFT_DEFAULT_ACTOR_ISOLATION = nonisolated;
				SWIFT_EMIT_LOC_STRINGS = YES;
				SWIFT_UPCOMING_FEATURE_MEMBER_IMPORT_VISIBILITY = YES;
				SWIFT_VERSION = 5.0;
				TARGETED_DEVICE_FAMILY = "1,2";
			};
			name = Release;
		};
		AA000000000000000000001A /* Debug */ = {
			isa = XCBuildConfiguration;
			buildSettings = {
				BUNDLE_LOADER = "$(TEST_HOST)";
				CODE_SIGN_STYLE = Automatic;
				CURRENT_PROJECT_VERSION = 1;
				DEVELOPMENT_TEAM = 5KQGTJX2K7;
				GENERATE_INFOPLIST_FILE = YES;
				IPHONEOS_DEPLOYMENT_TARGET = 26;
				MARKETING_VERSION = 1.0;
				PRODUCT_BUNDLE_IDENTIFIER = xyz.0xmwehehe.ImmichAppTests;
				PRODUCT_NAME = "$(TARGET_NAME)";
				SWIFT_APPROACHABLE_CONCURRENCY = YES;
				SWIFT_DEFAULT_ACTOR_ISOLATION = nonisolated;
				SWIFT_EMIT_LOC_STRINGS = NO;
				SWIFT_UPCOMING_FEATURE_MEMBER_IMPORT_VISIBILITY = YES;
				SWIFT_VERSION = 5.0;
				TARGETED_DEVICE_FAMILY = "1,2";
				TEST_HOST = "$(BUILT_PRODUCTS_DIR)/ImmichApp.app/$(BUNDLE_EXECUTABLE_FOLDER_PATH)/ImmichApp";
			};
			name = Debug;
		};
		AA000000000000000000001B /* Release */ = {
			isa = XCBuildConfiguration;
			buildSettings = {
				BUNDLE_LOADER = "$(TEST_HOST)";
				CODE_SIGN_STYLE = Automatic;
				CURRENT_PROJECT_VERSION = 1;
				DEVELOPMENT_TEAM = 5KQGTJX2K7;
				GENERATE_INFOPLIST_FILE = YES;
				IPHONEOS_DEPLOYMENT_TARGET = 26;
				MARKETING_VERSION = 1.0;
				PRODUCT_BUNDLE_IDENTIFIER = xyz.0xmwehehe.ImmichAppTests;
				PRODUCT_NAME = "$(TARGET_NAME)";
				SWIFT_APPROACHABLE_CONCURRENCY = YES;
				SWIFT_DEFAULT_ACTOR_ISOLATION = nonisolated;
				SWIFT_EMIT_LOC_STRINGS = NO;
				SWIFT_UPCOMING_FEATURE_MEMBER_IMPORT_VISIBILITY = YES;
				SWIFT_VERSION = 5.0;
				TARGETED_DEVICE_FAMILY = "1,2";
				TEST_HOST = "$(BUILT_PRODUCTS_DIR)/ImmichApp.app/$(BUNDLE_EXECUTABLE_FOLDER_PATH)/ImmichApp";
			};
			name = Release;
		};
		BB000000000000000000000D /* Debug */ = {
			isa = XCBuildConfiguration;
			buildSettings = {
				APPLICATION_EXTENSION_API_ONLY = YES;
				CODE_SIGN_ENTITLEMENTS = ImmichWidgets/ImmichWidgets.entitlements;
				CODE_SIGN_STYLE = Automatic;
				CURRENT_PROJECT_VERSION = 5;
				DEVELOPMENT_TEAM = 5KQGTJX2K7;
				GENERATE_INFOPLIST_FILE = YES;
				INFOPLIST_FILE = ImmichWidgets/Info.plist;
				INFOPLIST_KEY_CFBundleDisplayName = "SelfPhotos Widgets";
				IPHONEOS_DEPLOYMENT_TARGET = 26;
				LD_RUNPATH_SEARCH_PATHS = (
					"$(inherited)",
					"@executable_path/Frameworks",
					"@executable_path/../../Frameworks",
				);
				MARKETING_VERSION = 1.0.1;
				PRODUCT_BUNDLE_IDENTIFIER = xyz.0xmwehehe.ImmichApp.ImmichWidgets;
				PRODUCT_NAME = "$(TARGET_NAME)";
				SKIP_INSTALL = YES;
				STRING_CATALOG_GENERATE_SYMBOLS = YES;
				SWIFT_APPROACHABLE_CONCURRENCY = YES;
				SWIFT_DEFAULT_ACTOR_ISOLATION = nonisolated;
				SWIFT_EMIT_LOC_STRINGS = YES;
				SWIFT_UPCOMING_FEATURE_MEMBER_IMPORT_VISIBILITY = YES;
				SWIFT_VERSION = 5.0;
				TARGETED_DEVICE_FAMILY = "1,2";
			};
			name = Debug;
		};
		BB000000000000000000000E /* Release */ = {
			isa = XCBuildConfiguration;
			buildSettings = {
				APPLICATION_EXTENSION_API_ONLY = YES;
				CODE_SIGN_ENTITLEMENTS = ImmichWidgets/ImmichWidgets.entitlements;
				CODE_SIGN_STYLE = Automatic;
				CURRENT_PROJECT_VERSION = 5;
				DEVELOPMENT_TEAM = 5KQGTJX2K7;
				GENERATE_INFOPLIST_FILE = YES;
				INFOPLIST_FILE = ImmichWidgets/Info.plist;
				INFOPLIST_KEY_CFBundleDisplayName = "SelfPhotos Widgets";
				IPHONEOS_DEPLOYMENT_TARGET = 26;
				LD_RUNPATH_SEARCH_PATHS = (
					"$(inherited)",
					"@executable_path/Frameworks",
					"@executable_path/../../Frameworks",
				);
				MARKETING_VERSION = 1.0.1;
				PRODUCT_BUNDLE_IDENTIFIER = xyz.0xmwehehe.ImmichApp.ImmichWidgets;
				PRODUCT_NAME = "$(TARGET_NAME)";
				SKIP_INSTALL = YES;
				STRING_CATALOG_GENERATE_SYMBOLS = YES;
				SWIFT_APPROACHABLE_CONCURRENCY = YES;
				SWIFT_DEFAULT_ACTOR_ISOLATION = nonisolated;
				SWIFT_EMIT_LOC_STRINGS = YES;
				SWIFT_UPCOMING_FEATURE_MEMBER_IMPORT_VISIBILITY = YES;
				SWIFT_VERSION = 5.0;
				TARGETED_DEVICE_FAMILY = "1,2";
			};
			name = Release;
		};
		CC000000000000000000000D /* Debug */ = {
			isa = XCBuildConfiguration;
			buildSettings = {
				APPLICATION_EXTENSION_API_ONLY = YES;
				CODE_SIGN_ENTITLEMENTS = SelfPhotosShareExtension/SelfPhotosShareExtension.entitlements;
				CODE_SIGN_STYLE = Automatic;
				CURRENT_PROJECT_VERSION = 5;
				DEVELOPMENT_TEAM = 5KQGTJX2K7;
				GENERATE_INFOPLIST_FILE = YES;
				INFOPLIST_FILE = SelfPhotosShareExtension/Info.plist;
				INFOPLIST_KEY_CFBundleDisplayName = SelfPhotos;
				IPHONEOS_DEPLOYMENT_TARGET = 26;
				LD_RUNPATH_SEARCH_PATHS = (
					"$(inherited)",
					"@executable_path/Frameworks",
					"@executable_path/../../Frameworks",
				);
				MARKETING_VERSION = 1.0.1;
				PRODUCT_BUNDLE_IDENTIFIER = xyz.0xmwehehe.ImmichApp.ShareExtension;
				PRODUCT_NAME = "$(TARGET_NAME)";
				SKIP_INSTALL = YES;
				STRING_CATALOG_GENERATE_SYMBOLS = YES;
				SWIFT_APPROACHABLE_CONCURRENCY = YES;
				SWIFT_DEFAULT_ACTOR_ISOLATION = nonisolated;
				SWIFT_EMIT_LOC_STRINGS = YES;
				SWIFT_UPCOMING_FEATURE_MEMBER_IMPORT_VISIBILITY = YES;
				SWIFT_VERSION = 5.0;
				TARGETED_DEVICE_FAMILY = "1,2";
			};
			name = Debug;
		};
		CC000000000000000000000E /* Release */ = {
			isa = XCBuildConfiguration;
			buildSettings = {
				APPLICATION_EXTENSION_API_ONLY = YES;
				CODE_SIGN_ENTITLEMENTS = SelfPhotosShareExtension/SelfPhotosShareExtension.entitlements;
				CODE_SIGN_STYLE = Automatic;
				CURRENT_PROJECT_VERSION = 5;
				DEVELOPMENT_TEAM = 5KQGTJX2K7;
				GENERATE_INFOPLIST_FILE = YES;
				INFOPLIST_FILE = SelfPhotosShareExtension/Info.plist;
				INFOPLIST_KEY_CFBundleDisplayName = SelfPhotos;
				IPHONEOS_DEPLOYMENT_TARGET = 26;
				LD_RUNPATH_SEARCH_PATHS = (
					"$(inherited)",
					"@executable_path/Frameworks",
					"@executable_path/../../Frameworks",
				);
				MARKETING_VERSION = 1.0.1;
				PRODUCT_BUNDLE_IDENTIFIER = xyz.0xmwehehe.ImmichApp.ShareExtension;
				PRODUCT_NAME = "$(TARGET_NAME)";
				SKIP_INSTALL = YES;
				STRING_CATALOG_GENERATE_SYMBOLS = YES;
				SWIFT_APPROACHABLE_CONCURRENCY = YES;
				SWIFT_DEFAULT_ACTOR_ISOLATION = nonisolated;
				SWIFT_EMIT_LOC_STRINGS = YES;
				SWIFT_UPCOMING_FEATURE_MEMBER_IMPORT_VISIBILITY = YES;
				SWIFT_VERSION = 5.0;
				TARGETED_DEVICE_FAMILY = "1,2";
			};
			name = Release;
		};
		EE000000000000000000000D /* Debug */ = {
			isa = XCBuildConfiguration;
			buildSettings = {
				APPLICATION_EXTENSION_API_ONLY = YES;
				ASSETCATALOG_COMPILER_APPICON_NAME = ActionIcon;
				CODE_SIGN_ENTITLEMENTS = SelfPhotosUploadAction/SelfPhotosUploadAction.entitlements;
				CODE_SIGN_STYLE = Automatic;
				CURRENT_PROJECT_VERSION = 5;
				DEVELOPMENT_TEAM = 5KQGTJX2K7;
				GENERATE_INFOPLIST_FILE = YES;
				INFOPLIST_FILE = SelfPhotosUploadAction/Info.plist;
				INFOPLIST_KEY_CFBundleDisplayName = "Upload to SelfPhotos";
				IPHONEOS_DEPLOYMENT_TARGET = 26;
				LD_RUNPATH_SEARCH_PATHS = (
					"$(inherited)",
					"@executable_path/Frameworks",
					"@executable_path/../../Frameworks",
				);
				MARKETING_VERSION = 1.0.1;
				PRODUCT_BUNDLE_IDENTIFIER = xyz.0xmwehehe.ImmichApp.UploadAction;
				PRODUCT_NAME = "$(TARGET_NAME)";
				SKIP_INSTALL = YES;
				STRING_CATALOG_GENERATE_SYMBOLS = YES;
				SWIFT_APPROACHABLE_CONCURRENCY = YES;
				SWIFT_DEFAULT_ACTOR_ISOLATION = nonisolated;
				SWIFT_EMIT_LOC_STRINGS = YES;
				SWIFT_UPCOMING_FEATURE_MEMBER_IMPORT_VISIBILITY = YES;
				SWIFT_VERSION = 5.0;
				TARGETED_DEVICE_FAMILY = "1,2";
			};
			name = Debug;
		};
		EE000000000000000000000E /* Release */ = {
			isa = XCBuildConfiguration;
			buildSettings = {
				APPLICATION_EXTENSION_API_ONLY = YES;
				ASSETCATALOG_COMPILER_APPICON_NAME = ActionIcon;
				CODE_SIGN_ENTITLEMENTS = SelfPhotosUploadAction/SelfPhotosUploadAction.entitlements;
				CODE_SIGN_STYLE = Automatic;
				CURRENT_PROJECT_VERSION = 5;
				DEVELOPMENT_TEAM = 5KQGTJX2K7;
				GENERATE_INFOPLIST_FILE = YES;
				INFOPLIST_FILE = SelfPhotosUploadAction/Info.plist;
				INFOPLIST_KEY_CFBundleDisplayName = "Upload to SelfPhotos";
				IPHONEOS_DEPLOYMENT_TARGET = 26;
				LD_RUNPATH_SEARCH_PATHS = (
					"$(inherited)",
					"@executable_path/Frameworks",
					"@executable_path/../../Frameworks",
				);
				MARKETING_VERSION = 1.0.1;
				PRODUCT_BUNDLE_IDENTIFIER = xyz.0xmwehehe.ImmichApp.UploadAction;
				PRODUCT_NAME = "$(TARGET_NAME)";
				SKIP_INSTALL = YES;
				STRING_CATALOG_GENERATE_SYMBOLS = YES;
				SWIFT_APPROACHABLE_CONCURRENCY = YES;
				SWIFT_DEFAULT_ACTOR_ISOLATION = nonisolated;
				SWIFT_EMIT_LOC_STRINGS = YES;
				SWIFT_UPCOMING_FEATURE_MEMBER_IMPORT_VISIBILITY = YES;
				SWIFT_VERSION = 5.0;
				TARGETED_DEVICE_FAMILY = "1,2";
			};
			name = Release;
		};
/* End XCBuildConfiguration section */

/* Begin XCConfigurationList section */
		242E7F0930206D79000F50F4 /* Build configuration list for PBXProject "ImmichApp" */ = {
			isa = XCConfigurationList;
			buildConfigurations = (
				242E7F1730206D7B000F50F4 /* Debug */,
				242E7F1830206D7B000F50F4 /* Release */,
			);
			defaultConfigurationIsVisible = 0;
			defaultConfigurationName = Release;
		};
		242E7F1930206D7B000F50F4 /* Build configuration list for PBXNativeTarget "ImmichApp" */ = {
			isa = XCConfigurationList;
			buildConfigurations = (
				242E7F1A30206D7B000F50F4 /* Debug */,
				242E7F1B30206D7B000F50F4 /* Release */,
			);
			defaultConfigurationIsVisible = 0;
			defaultConfigurationName = Release;
		};
		AA0000000000000000000019 /* Build configuration list for PBXNativeTarget "ImmichAppTests" */ = {
			isa = XCConfigurationList;
			buildConfigurations = (
				AA000000000000000000001A /* Debug */,
				AA000000000000000000001B /* Release */,
			);
			defaultConfigurationIsVisible = 0;
			defaultConfigurationName = Release;
		};
		BB000000000000000000000C /* Build configuration list for PBXNativeTarget "ImmichWidgets" */ = {
			isa = XCConfigurationList;
			buildConfigurations = (
				BB000000000000000000000D /* Debug */,
				BB000000000000000000000E /* Release */,
			);
			defaultConfigurationIsVisible = 0;
			defaultConfigurationName = Release;
		};
		CC000000000000000000000C /* Build configuration list for PBXNativeTarget "SelfPhotosShareExtension" */ = {
			isa = XCConfigurationList;
			buildConfigurations = (
				CC000000000000000000000D /* Debug */,
				CC000000000000000000000E /* Release */,
			);
			defaultConfigurationIsVisible = 0;
			defaultConfigurationName = Release;
		};
		EE000000000000000000000C /* Build configuration list for PBXNativeTarget "SelfPhotosUploadAction" */ = {
			isa = XCConfigurationList;
			buildConfigurations = (
				EE000000000000000000000D /* Debug */,
				EE000000000000000000000E /* Release */,
			);
			defaultConfigurationIsVisible = 0;
			defaultConfigurationName = Release;
		};
/* End XCConfigurationList section */
	};
	rootObject = 242E7F0630206D79000F50F4 /* Project object */;
}
